{
  "object": {
    "pins": [
      {
        "package": "StockCharts",
        "repositoryURL": "https://github.com/denniscm190/StockCharts.git",
        "state": {
          "branch": "main",
          "revision": "63798e38d49dfd38625aae730b6d062fbc6288f2",
          "version": null
        }
      }
    ]
  },
  "version": 1
}
