{
  "object": {
    "pins": [
      {
        "package": "StockCharts",
        "repositoryURL": "https://github.com/denniscm190/StockCharts.git",
        "state": {
          "branch": "main",
          "revision": "70a9b40d75ce9e88c31d98933b78e56ed5860b4b",
          "version": null
        }
      }
    ]
  },
  "version": 1
}
