{
  "object": {
    "pins": [
      {
        "package": "StockCharts",
        "repositoryURL": "https://github.com/denniscm190/StockCharts.git",
        "state": {
          "branch": "main",
          "revision": "dd50b12beaad4caab37a7d16ec9f6aae4b59658c",
          "version": null
        }
      }
    ]
  },
  "version": 1
}
